// !$*UTF8*$!
{
	archiveVersion = 1;
	classes = {
	};
	objectVersion = 56;
	objects = {

/* Begin PBXBuildFile section */
		8F2E59B12C00000100A10001 /* PikoApp.swift in Sources */ = {isa = PBXBuildFile; fileRef = 8F2E59B02C00000100A10001 /* PikoApp.swift */; };
		8F2E59D02C00000100A10001 /* PikoRootView.swift in Sources */ = {isa = PBXBuildFile; fileRef = 8F2E59C02C00000100A10001 /* PikoRootView.swift */; };
		8F2E59D12C00000100A10001 /* NativeReceiveView.swift in Sources */ = {isa = PBXBuildFile; fileRef = 8F2E59C12C00000100A10001 /* NativeReceiveView.swift */; };
		8F2E59D22C00000100A10001 /* NativeSendView.swift in Sources */ = {isa = PBXBuildFile; fileRef = 8F2E59C22C00000100A10001 /* NativeSendView.swift */; };
		8F2E59D32C00000100A10001 /* NativeSettingsView.swift in Sources */ = {isa = PBXBuildFile; fileRef = 8F2E59C32C00000100A10001 /* NativeSettingsView.swift */; };
		8F2E59D42C00000100A10001 /* NativePikoModel.swift in Sources */ = {isa = PBXBuildFile; fileRef = 8F2E59C42C00000100A10001 /* NativePikoModel.swift */; };
		8F2E59D52C00000100A10001 /* NativeTransferProtocol.swift in Sources */ = {isa = PBXBuildFile; fileRef = 8F2E59C52C00000100A10001 /* NativeTransferProtocol.swift */; };
		8F2E59D62C00000100A10001 /* NativePickers.swift in Sources */ = {isa = PBXBuildFile; fileRef = 8F2E59C62C00000100A10001 /* NativePickers.swift */; };
		8F2E59D72C00000100A10001 /* PikoStyle.swift in Sources */ = {isa = PBXBuildFile; fileRef = 8F2E59C72C00000100A10001 /* PikoStyle.swift */; };
		8F2E59D82C00000100A10001 /* NativeSendDeviceSection.swift in Sources */ = {isa = PBXBuildFile; fileRef = 8F2E59C82C00000100A10001 /* NativeSendDeviceSection.swift */; };
		8F2E59D92C00000100A10001 /* NativeSendItemSection.swift in Sources */ = {isa = PBXBuildFile; fileRef = 8F2E59C92C00000100A10001 /* NativeSendItemSection.swift */; };
		8F2E59DA2C00000100A10001 /* NativeSendTransferSection.swift in Sources */ = {isa = PBXBuildFile; fileRef = 8F2E59CA2C00000100A10001 /* NativeSendTransferSection.swift */; };
		8F2E59DB2C00000100A10001 /* NativeLocalSendProtocol.swift in Sources */ = {isa = PBXBuildFile; fileRef = 8F2E59CB2C00000100A10001 /* NativeLocalSendProtocol.swift */; };
		8F2E59DC2C00000100A10001 /* NativeHttpMessage.swift in Sources */ = {isa = PBXBuildFile; fileRef = 8F2E59CC2C00000100A10001 /* NativeHttpMessage.swift */; };
		8F2E59DD2C00000100A10001 /* NativeLocalSendMulticast.swift in Sources */ = {isa = PBXBuildFile; fileRef = 8F2E59CD2C00000100A10001 /* NativeLocalSendMulticast.swift */; };
		8F2E59DE2C00000100A10001 /* NativeLocalSendListenerFactory.swift in Sources */ = {isa = PBXBuildFile; fileRef = 8F2E59CE2C00000100A10001 /* NativeLocalSendListenerFactory.swift */; };
		8F2E59DF2C00000100A10001 /* NativeTransferModels.swift in Sources */ = {isa = PBXBuildFile; fileRef = 8F2E59CF2C00000100A10001 /* NativeTransferModels.swift */; };
		8F2E59E02C00000100A10001 /* NativeReceiveHistoryStore.swift in Sources */ = {isa = PBXBuildFile; fileRef = 8F2E59D02C00000100A10001 /* NativeReceiveHistoryStore.swift */; };
		8F2E59E12C00000100A10001 /* NativeTransferClient.swift in Sources */ = {isa = PBXBuildFile; fileRef = 8F2E59E42C00000100A10001 /* NativeTransferClient.swift */; };
		8F2E59E22C00000100A10001 /* NativeReceiveFileStore.swift in Sources */ = {isa = PBXBuildFile; fileRef = 8F2E59E52C00000100A10001 /* NativeReceiveFileStore.swift */; };
		8F2E59E32C00000100A10001 /* NativeLocalSendSessionStore.swift in Sources */ = {isa = PBXBuildFile; fileRef = 8F2E59E62C00000100A10001 /* NativeLocalSendSessionStore.swift */; };
		8F2E59E72C00000100A10001 /* NativeLanDiscoveryService.swift in Sources */ = {isa = PBXBuildFile; fileRef = 8F2E59E92C00000100A10001 /* NativeLanDiscoveryService.swift */; };
		8F2E59E82C00000100A10001 /* NativeTransferStateMachine.swift in Sources */ = {isa = PBXBuildFile; fileRef = 8F2E59EA2C00000100A10001 /* NativeTransferStateMachine.swift */; };
		8F2E59F02C00000100A10001 /* NativeAuthModels.swift in Sources */ = {isa = PBXBuildFile; fileRef = 8F2E59F82C00000100A10001 /* NativeAuthModels.swift */; };
		8F2E59F12C00000100A10001 /* NativeAccountApiClient.swift in Sources */ = {isa = PBXBuildFile; fileRef = 8F2E59F92C00000100A10001 /* NativeAccountApiClient.swift */; };
		8F2E59F22C00000100A10001 /* NativeAuthTokenStore.swift in Sources */ = {isa = PBXBuildFile; fileRef = 8F2E59FA2C00000100A10001 /* NativeAuthTokenStore.swift */; };
		8F2E59F32C00000100A10001 /* NativeAuthStore.swift in Sources */ = {isa = PBXBuildFile; fileRef = 8F2E59FB2C00000100A10001 /* NativeAuthStore.swift */; };
		8F2E59F42C00000100A10001 /* NativeAuthLabels.swift in Sources */ = {isa = PBXBuildFile; fileRef = 8F2E59FC2C00000100A10001 /* NativeAuthLabels.swift */; };
		8F2E59F52C00000100A10001 /* NativeAppConfig.swift in Sources */ = {isa = PBXBuildFile; fileRef = 8F2E59FD2C00000100A10001 /* NativeAppConfig.swift */; };
		8F2E59F62C00000100A10001 /* NativeLoginView.swift in Sources */ = {isa = PBXBuildFile; fileRef = 8F2E59FE2C00000100A10001 /* NativeLoginView.swift */; };
		8F2E59F72C00000100A10001 /* NativeRegisterView.swift in Sources */ = {isa = PBXBuildFile; fileRef = 8F2E59FF2C00000100A10001 /* NativeRegisterView.swift */; };
		8F2E5A002C00000100A10001 /* NativeFriendModels.swift in Sources */ = {isa = PBXBuildFile; fileRef = 8F2E5A062C00000100A10001 /* NativeFriendModels.swift */; };
		8F2E5A012C00000100A10001 /* NativeFriendApiClient.swift in Sources */ = {isa = PBXBuildFile; fileRef = 8F2E5A072C00000100A10001 /* NativeFriendApiClient.swift */; };
		8F2E5A022C00000100A10001 /* NativeFriendStore.swift in Sources */ = {isa = PBXBuildFile; fileRef = 8F2E5A082C00000100A10001 /* NativeFriendStore.swift */; };
		8F2E5A032C00000100A10001 /* NativePresenceTicker.swift in Sources */ = {isa = PBXBuildFile; fileRef = 8F2E5A092C00000100A10001 /* NativePresenceTicker.swift */; };
		8F2E5A042C00000100A10001 /* NativeFriendsView.swift in Sources */ = {isa = PBXBuildFile; fileRef = 8F2E5A0A2C00000100A10001 /* NativeFriendsView.swift */; };
		8F2E5A052C00000100A10001 /* NativeFriendRequestsView.swift in Sources */ = {isa = PBXBuildFile; fileRef = 8F2E5A0B2C00000100A10001 /* NativeFriendRequestsView.swift */; };
		8F2E5B002C00000100A10001 /* NativeDeviceIdentity.swift in Sources */ = {isa = PBXBuildFile; fileRef = 8F2E5B042C00000100A10001 /* NativeDeviceIdentity.swift */; };
		8F2E5B012C00000100A10001 /* NativeDeviceApiClient.swift in Sources */ = {isa = PBXBuildFile; fileRef = 8F2E5B052C00000100A10001 /* NativeDeviceApiClient.swift */; };
		8F2E5B022C00000100A10001 /* NativeTransferSessionApiClient.swift in Sources */ = {isa = PBXBuildFile; fileRef = 8F2E5B062C00000100A10001 /* NativeTransferSessionApiClient.swift */; };
		8F2E5B032C00000100A10001 /* NativeP2PTransferClient.swift in Sources */ = {isa = PBXBuildFile; fileRef = 8F2E5B072C00000100A10001 /* NativeP2PTransferClient.swift */; };
		8F2E5B082C00000100A10001 /* NativeSignalingClient.swift in Sources */ = {isa = PBXBuildFile; fileRef = 8F2E5B092C00000100A10001 /* NativeSignalingClient.swift */; };
		8F2E5B0A2C00000100A10001 /* NativeWebRTCEngine.swift in Sources */ = {isa = PBXBuildFile; fileRef = 8F2E5B0B2C00000100A10001 /* NativeWebRTCEngine.swift */; };
		8F2E5B0C2C00000100A10001 /* NativeTransferProtocolV3.swift in Sources */ = {isa = PBXBuildFile; fileRef = 8F2E5B0D2C00000100A10001 /* NativeTransferProtocolV3.swift */; };
/* End PBXBuildFile section */

/* Begin PBXFileReference section */
		8F2E59A92C00000100A10001 /* Piko.app */ = {isa = PBXFileReference; explicitFileType = wrapper.application; includeInIndex = 0; path = Piko.app; sourceTree = BUILT_PRODUCTS_DIR; };
		8F2E59B32C00000100A10001 /* Info.plist */ = {isa = PBXFileReference; lastKnownFileType = text.plist.xml; path = Info.plist; sourceTree = "<group>"; };
		8F2E59B02C00000100A10001 /* PikoApp.swift */ = {isa = PBXFileReference; lastKnownFileType = sourcecode.swift; path = PikoApp.swift; sourceTree = "<group>"; };
		8F2E59C02C00000100A10001 /* PikoRootView.swift */ = {isa = PBXFileReference; lastKnownFileType = sourcecode.swift; path = PikoRootView.swift; sourceTree = "<group>"; };
		8F2E59C12C00000100A10001 /* NativeReceiveView.swift */ = {isa = PBXFileReference; lastKnownFileType = sourcecode.swift; path = NativeReceiveView.swift; sourceTree = "<group>"; };
		8F2E59C22C00000100A10001 /* NativeSendView.swift */ = {isa = PBXFileReference; lastKnownFileType = sourcecode.swift; path = NativeSendView.swift; sourceTree = "<group>"; };
		8F2E59C32C00000100A10001 /* NativeSettingsView.swift */ = {isa = PBXFileReference; lastKnownFileType = sourcecode.swift; path = NativeSettingsView.swift; sourceTree = "<group>"; };
		8F2E59C42C00000100A10001 /* NativePikoModel.swift */ = {isa = PBXFileReference; lastKnownFileType = sourcecode.swift; path = NativePikoModel.swift; sourceTree = "<group>"; };
		8F2E59C52C00000100A10001 /* NativeTransferProtocol.swift */ = {isa = PBXFileReference; lastKnownFileType = sourcecode.swift; path = NativeTransferProtocol.swift; sourceTree = "<group>"; };
		8F2E59C62C00000100A10001 /* NativePickers.swift */ = {isa = PBXFileReference; lastKnownFileType = sourcecode.swift; path = NativePickers.swift; sourceTree = "<group>"; };
		8F2E59C72C00000100A10001 /* PikoStyle.swift */ = {isa = PBXFileReference; lastKnownFileType = sourcecode.swift; path = PikoStyle.swift; sourceTree = "<group>"; };
		8F2E59C82C00000100A10001 /* NativeSendDeviceSection.swift */ = {isa = PBXFileReference; lastKnownFileType = sourcecode.swift; path = NativeSendDeviceSection.swift; sourceTree = "<group>"; };
		8F2E59C92C00000100A10001 /* NativeSendItemSection.swift */ = {isa = PBXFileReference; lastKnownFileType = sourcecode.swift; path = NativeSendItemSection.swift; sourceTree = "<group>"; };
		8F2E59CA2C00000100A10001 /* NativeSendTransferSection.swift */ = {isa = PBXFileReference; lastKnownFileType = sourcecode.swift; path = NativeSendTransferSection.swift; sourceTree = "<group>"; };
		8F2E59CB2C00000100A10001 /* NativeLocalSendProtocol.swift */ = {isa = PBXFileReference; lastKnownFileType = sourcecode.swift; path = NativeLocalSendProtocol.swift; sourceTree = "<group>"; };
		8F2E59CC2C00000100A10001 /* NativeHttpMessage.swift */ = {isa = PBXFileReference; lastKnownFileType = sourcecode.swift; path = NativeHttpMessage.swift; sourceTree = "<group>"; };
		8F2E59CD2C00000100A10001 /* NativeLocalSendMulticast.swift */ = {isa = PBXFileReference; lastKnownFileType = sourcecode.swift; path = NativeLocalSendMulticast.swift; sourceTree = "<group>"; };
		8F2E59CE2C00000100A10001 /* NativeLocalSendListenerFactory.swift */ = {isa = PBXFileReference; lastKnownFileType = sourcecode.swift; path = NativeLocalSendListenerFactory.swift; sourceTree = "<group>"; };
		8F2E59CF2C00000100A10001 /* NativeTransferModels.swift */ = {isa = PBXFileReference; lastKnownFileType = sourcecode.swift; path = NativeTransferModels.swift; sourceTree = "<group>"; };
		8F2E59D02C00000100A10001 /* NativeReceiveHistoryStore.swift */ = {isa = PBXFileReference; lastKnownFileType = sourcecode.swift; path = NativeReceiveHistoryStore.swift; sourceTree = "<group>"; };
		8F2E59E42C00000100A10001 /* NativeTransferClient.swift */ = {isa = PBXFileReference; lastKnownFileType = sourcecode.swift; path = NativeTransferClient.swift; sourceTree = "<group>"; };
		8F2E59E52C00000100A10001 /* NativeReceiveFileStore.swift */ = {isa = PBXFileReference; lastKnownFileType = sourcecode.swift; path = NativeReceiveFileStore.swift; sourceTree = "<group>"; };
		8F2E59E62C00000100A10001 /* NativeLocalSendSessionStore.swift */ = {isa = PBXFileReference; lastKnownFileType = sourcecode.swift; path = NativeLocalSendSessionStore.swift; sourceTree = "<group>"; };
		8F2E59E92C00000100A10001 /* NativeLanDiscoveryService.swift */ = {isa = PBXFileReference; lastKnownFileType = sourcecode.swift; path = NativeLanDiscoveryService.swift; sourceTree = "<group>"; };
		8F2E59EA2C00000100A10001 /* NativeTransferStateMachine.swift */ = {isa = PBXFileReference; lastKnownFileType = sourcecode.swift; path = NativeTransferStateMachine.swift; sourceTree = "<group>"; };
		8F2E59F82C00000100A10001 /* NativeAuthModels.swift */ = {isa = PBXFileReference; lastKnownFileType = sourcecode.swift; path = NativeAuthModels.swift; sourceTree = "<group>"; };
		8F2E59F92C00000100A10001 /* NativeAccountApiClient.swift */ = {isa = PBXFileReference; lastKnownFileType = sourcecode.swift; path = NativeAccountApiClient.swift; sourceTree = "<group>"; };
		8F2E59FA2C00000100A10001 /* NativeAuthTokenStore.swift */ = {isa = PBXFileReference; lastKnownFileType = sourcecode.swift; path = NativeAuthTokenStore.swift; sourceTree = "<group>"; };
		8F2E59FB2C00000100A10001 /* NativeAuthStore.swift */ = {isa = PBXFileReference; lastKnownFileType = sourcecode.swift; path = NativeAuthStore.swift; sourceTree = "<group>"; };
		8F2E59FC2C00000100A10001 /* NativeAuthLabels.swift */ = {isa = PBXFileReference; lastKnownFileType = sourcecode.swift; path = NativeAuthLabels.swift; sourceTree = "<group>"; };
		8F2E59FD2C00000100A10001 /* NativeAppConfig.swift */ = {isa = PBXFileReference; lastKnownFileType = sourcecode.swift; path = NativeAppConfig.swift; sourceTree = "<group>"; };
		8F2E59FE2C00000100A10001 /* NativeLoginView.swift */ = {isa = PBXFileReference; lastKnownFileType = sourcecode.swift; path = NativeLoginView.swift; sourceTree = "<group>"; };
		8F2E59FF2C00000100A10001 /* NativeRegisterView.swift */ = {isa = PBXFileReference; lastKnownFileType = sourcecode.swift; path = NativeRegisterView.swift; sourceTree = "<group>"; };
		8F2E5A062C00000100A10001 /* NativeFriendModels.swift */ = {isa = PBXFileReference; lastKnownFileType = sourcecode.swift; path = NativeFriendModels.swift; sourceTree = "<group>"; };
		8F2E5A072C00000100A10001 /* NativeFriendApiClient.swift */ = {isa = PBXFileReference; lastKnownFileType = sourcecode.swift; path = NativeFriendApiClient.swift; sourceTree = "<group>"; };
		8F2E5A082C00000100A10001 /* NativeFriendStore.swift */ = {isa = PBXFileReference; lastKnownFileType = sourcecode.swift; path = NativeFriendStore.swift; sourceTree = "<group>"; };
		8F2E5A092C00000100A10001 /* NativePresenceTicker.swift */ = {isa = PBXFileReference; lastKnownFileType = sourcecode.swift; path = NativePresenceTicker.swift; sourceTree = "<group>"; };
		8F2E5A0A2C00000100A10001 /* NativeFriendsView.swift */ = {isa = PBXFileReference; lastKnownFileType = sourcecode.swift; path = NativeFriendsView.swift; sourceTree = "<group>"; };
		8F2E5A0B2C00000100A10001 /* NativeFriendRequestsView.swift */ = {isa = PBXFileReference; lastKnownFileType = sourcecode.swift; path = NativeFriendRequestsView.swift; sourceTree = "<group>"; };
		8F2E5B042C00000100A10001 /* NativeDeviceIdentity.swift */ = {isa = PBXFileReference; lastKnownFileType = sourcecode.swift; path = NativeDeviceIdentity.swift; sourceTree = "<group>"; };
		8F2E5B052C00000100A10001 /* NativeDeviceApiClient.swift */ = {isa = PBXFileReference; lastKnownFileType = sourcecode.swift; path = NativeDeviceApiClient.swift; sourceTree = "<group>"; };
		8F2E5B062C00000100A10001 /* NativeTransferSessionApiClient.swift */ = {isa = PBXFileReference; lastKnownFileType = sourcecode.swift; path = NativeTransferSessionApiClient.swift; sourceTree = "<group>"; };
		8F2E5B072C00000100A10001 /* NativeP2PTransferClient.swift */ = {isa = PBXFileReference; lastKnownFileType = sourcecode.swift; path = NativeP2PTransferClient.swift; sourceTree = "<group>"; };
		8F2E5B092C00000100A10001 /* NativeSignalingClient.swift */ = {isa = PBXFileReference; lastKnownFileType = sourcecode.swift; path = NativeSignalingClient.swift; sourceTree = "<group>"; };
		8F2E5B0B2C00000100A10001 /* NativeWebRTCEngine.swift */ = {isa = PBXFileReference; lastKnownFileType = sourcecode.swift; path = NativeWebRTCEngine.swift; sourceTree = "<group>"; };
		8F2E5B0D2C00000100A10001 /* NativeTransferProtocolV3.swift */ = {isa = PBXFileReference; lastKnownFileType = sourcecode.swift; path = NativeTransferProtocolV3.swift; sourceTree = "<group>"; };
/* End PBXFileReference section */

/* Begin PBXFrameworksBuildPhase section */
		8F2E59A62C00000100A10001 /* Frameworks */ = {
			isa = PBXFrameworksBuildPhase;
			buildActionMask = 2147483647;
			files = (
			);
			runOnlyForDeploymentPostprocessing = 0;
		};
/* End PBXFrameworksBuildPhase section */

/* Begin PBXGroup section */
		8F2E599F2C00000100A10001 = {
			isa = PBXGroup;
			children = (
				8F2E59AF2C00000100A10001 /* Piko */,
				8F2E59AA2C00000100A10001 /* Products */,
			);
			sourceTree = "<group>";
		};
		8F2E59AA2C00000100A10001 /* Products */ = {
			isa = PBXGroup;
			children = (
				8F2E59A92C00000100A10001 /* Piko.app */,
			);
			name = Products;
			sourceTree = "<group>";
		};
		8F2E59AF2C00000100A10001 /* Piko */ = {
			isa = PBXGroup;
			children = (
				8F2E59B32C00000100A10001 /* Info.plist */,
				8F2E59B02C00000100A10001 /* PikoApp.swift */,
				8F2E59C02C00000100A10001 /* PikoRootView.swift */,
				8F2E59C12C00000100A10001 /* NativeReceiveView.swift */,
				8F2E59C22C00000100A10001 /* NativeSendView.swift */,
				8F2E59C82C00000100A10001 /* NativeSendDeviceSection.swift */,
				8F2E59C92C00000100A10001 /* NativeSendItemSection.swift */,
				8F2E59CA2C00000100A10001 /* NativeSendTransferSection.swift */,
				8F2E59C32C00000100A10001 /* NativeSettingsView.swift */,
				8F2E59F82C00000100A10001 /* NativeAuthModels.swift */,
				8F2E59F92C00000100A10001 /* NativeAccountApiClient.swift */,
				8F2E59FA2C00000100A10001 /* NativeAuthTokenStore.swift */,
				8F2E59FB2C00000100A10001 /* NativeAuthStore.swift */,
				8F2E59FC2C00000100A10001 /* NativeAuthLabels.swift */,
				8F2E59FD2C00000100A10001 /* NativeAppConfig.swift */,
				8F2E59FE2C00000100A10001 /* NativeLoginView.swift */,
				8F2E59FF2C00000100A10001 /* NativeRegisterView.swift */,
				8F2E5A062C00000100A10001 /* NativeFriendModels.swift */,
				8F2E5A072C00000100A10001 /* NativeFriendApiClient.swift */,
				8F2E5A082C00000100A10001 /* NativeFriendStore.swift */,
				8F2E5A092C00000100A10001 /* NativePresenceTicker.swift */,
				8F2E5A0A2C00000100A10001 /* NativeFriendsView.swift */,
				8F2E5A0B2C00000100A10001 /* NativeFriendRequestsView.swift */,
				8F2E5B042C00000100A10001 /* NativeDeviceIdentity.swift */,
				8F2E5B052C00000100A10001 /* NativeDeviceApiClient.swift */,
				8F2E5B062C00000100A10001 /* NativeTransferSessionApiClient.swift */,
				8F2E5B072C00000100A10001 /* NativeP2PTransferClient.swift */,
				8F2E5B092C00000100A10001 /* NativeSignalingClient.swift */,
				8F2E5B0B2C00000100A10001 /* NativeWebRTCEngine.swift */,
				8F2E5B0D2C00000100A10001 /* NativeTransferProtocolV3.swift */,
				8F2E59C42C00000100A10001 /* NativePikoModel.swift */,
				8F2E59CF2C00000100A10001 /* NativeTransferModels.swift */,
				8F2E59D02C00000100A10001 /* NativeReceiveHistoryStore.swift */,
				8F2E59E42C00000100A10001 /* NativeTransferClient.swift */,
				8F2E59E52C00000100A10001 /* NativeReceiveFileStore.swift */,
				8F2E59E62C00000100A10001 /* NativeLocalSendSessionStore.swift */,
				8F2E59E92C00000100A10001 /* NativeLanDiscoveryService.swift */,
				8F2E59EA2C00000100A10001 /* NativeTransferStateMachine.swift */,
				8F2E59CB2C00000100A10001 /* NativeLocalSendProtocol.swift */,
				8F2E59CC2C00000100A10001 /* NativeHttpMessage.swift */,
				8F2E59CD2C00000100A10001 /* NativeLocalSendMulticast.swift */,
				8F2E59CE2C00000100A10001 /* NativeLocalSendListenerFactory.swift */,
				8F2E59C52C00000100A10001 /* NativeTransferProtocol.swift */,
				8F2E59C62C00000100A10001 /* NativePickers.swift */,
				8F2E59C72C00000100A10001 /* PikoStyle.swift */,
			);
			name = Piko;
			sourceTree = "<group>";
		};
/* End PBXGroup section */

/* Begin PBXNativeTarget section */
		8F2E59A82C00000100A10001 /* Piko */ = {
			isa = PBXNativeTarget;
			buildConfigurationList = 8F2E59BA2C00000100A10001 /* Build configuration list for PBXNativeTarget "Piko" */;
			buildPhases = (
				8F2E59A52C00000100A10001 /* Sources */,
				8F2E59A62C00000100A10001 /* Frameworks */,
				8F2E59A72C00000100A10001 /* Resources */,
			);
			buildRules = (
			);
			dependencies = (
			);
			name = Piko;
			productName = Piko;
			productReference = 8F2E59A92C00000100A10001 /* Piko.app */;
			productType = "com.apple.product-type.application";
		};
/* End PBXNativeTarget section */

/* Begin PBXProject section */
		8F2E59A02C00000100A10001 /* Project object */ = {
			isa = PBXProject;
			attributes = {
				BuildIndependentTargetsInParallel = 1;
				LastSwiftUpdateCheck = 1600;
				LastUpgradeCheck = 1600;
				TargetAttributes = {
					8F2E59A82C00000100A10001 = {
						CreatedOnToolsVersion = 16.0;
					};
				};
			};
			buildConfigurationList = 8F2E59A32C00000100A10001 /* Build configuration list for PBXProject "Piko" */;
			compatibilityVersion = "Xcode 14.0";
			developmentRegion = en;
			hasScannedForEncodings = 0;
			knownRegions = (
				en,
				Base,
			);
			mainGroup = 8F2E599F2C00000100A10001;
			productRefGroup = 8F2E59AA2C00000100A10001 /* Products */;
			projectDirPath = "";
			projectRoot = "";
			targets = (
				8F2E59A82C00000100A10001 /* Piko */,
			);
		};
/* End PBXProject section */

/* Begin PBXResourcesBuildPhase section */
		8F2E59A72C00000100A10001 /* Resources */ = {
			isa = PBXResourcesBuildPhase;
			buildActionMask = 2147483647;
			files = (
			);
			runOnlyForDeploymentPostprocessing = 0;
		};
/* End PBXResourcesBuildPhase section */

/* Begin PBXSourcesBuildPhase section */
		8F2E59A52C00000100A10001 /* Sources */ = {
			isa = PBXSourcesBuildPhase;
			buildActionMask = 2147483647;
			files = (
				8F2E59B12C00000100A10001 /* PikoApp.swift in Sources */,
				8F2E59D02C00000100A10001 /* PikoRootView.swift in Sources */,
				8F2E59D12C00000100A10001 /* NativeReceiveView.swift in Sources */,
				8F2E59D22C00000100A10001 /* NativeSendView.swift in Sources */,
				8F2E59D82C00000100A10001 /* NativeSendDeviceSection.swift in Sources */,
				8F2E59D92C00000100A10001 /* NativeSendItemSection.swift in Sources */,
				8F2E59DA2C00000100A10001 /* NativeSendTransferSection.swift in Sources */,
				8F2E59D32C00000100A10001 /* NativeSettingsView.swift in Sources */,
				8F2E59F02C00000100A10001 /* NativeAuthModels.swift in Sources */,
				8F2E59F12C00000100A10001 /* NativeAccountApiClient.swift in Sources */,
				8F2E59F22C00000100A10001 /* NativeAuthTokenStore.swift in Sources */,
				8F2E59F32C00000100A10001 /* NativeAuthStore.swift in Sources */,
				8F2E59F42C00000100A10001 /* NativeAuthLabels.swift in Sources */,
				8F2E59F52C00000100A10001 /* NativeAppConfig.swift in Sources */,
				8F2E59F62C00000100A10001 /* NativeLoginView.swift in Sources */,
				8F2E59F72C00000100A10001 /* NativeRegisterView.swift in Sources */,
				8F2E5A002C00000100A10001 /* NativeFriendModels.swift in Sources */,
				8F2E5A012C00000100A10001 /* NativeFriendApiClient.swift in Sources */,
				8F2E5A022C00000100A10001 /* NativeFriendStore.swift in Sources */,
				8F2E5A032C00000100A10001 /* NativePresenceTicker.swift in Sources */,
				8F2E5A042C00000100A10001 /* NativeFriendsView.swift in Sources */,
				8F2E5A052C00000100A10001 /* NativeFriendRequestsView.swift in Sources */,
				8F2E5B002C00000100A10001 /* NativeDeviceIdentity.swift in Sources */,
				8F2E5B012C00000100A10001 /* NativeDeviceApiClient.swift in Sources */,
				8F2E5B022C00000100A10001 /* NativeTransferSessionApiClient.swift in Sources */,
				8F2E5B032C00000100A10001 /* NativeP2PTransferClient.swift in Sources */,
				8F2E5B082C00000100A10001 /* NativeSignalingClient.swift in Sources */,
				8F2E5B0A2C00000100A10001 /* NativeWebRTCEngine.swift in Sources */,
				8F2E5B0C2C00000100A10001 /* NativeTransferProtocolV3.swift in Sources */,
				8F2E59D42C00000100A10001 /* NativePikoModel.swift in Sources */,
				8F2E59DF2C00000100A10001 /* NativeTransferModels.swift in Sources */,
				8F2E59E02C00000100A10001 /* NativeReceiveHistoryStore.swift in Sources */,
				8F2E59E12C00000100A10001 /* NativeTransferClient.swift in Sources */,
				8F2E59E22C00000100A10001 /* NativeReceiveFileStore.swift in Sources */,
				8F2E59E32C00000100A10001 /* NativeLocalSendSessionStore.swift in Sources */,
				8F2E59E72C00000100A10001 /* NativeLanDiscoveryService.swift in Sources */,
				8F2E59E82C00000100A10001 /* NativeTransferStateMachine.swift in Sources */,
				8F2E59DB2C00000100A10001 /* NativeLocalSendProtocol.swift in Sources */,
				8F2E59DC2C00000100A10001 /* NativeHttpMessage.swift in Sources */,
				8F2E59DD2C00000100A10001 /* NativeLocalSendMulticast.swift in Sources */,
				8F2E59DE2C00000100A10001 /* NativeLocalSendListenerFactory.swift in Sources */,
				8F2E59D52C00000100A10001 /* NativeTransferProtocol.swift in Sources */,
				8F2E59D62C00000100A10001 /* NativePickers.swift in Sources */,
				8F2E59D72C00000100A10001 /* PikoStyle.swift in Sources */,
			);
			runOnlyForDeploymentPostprocessing = 0;
		};
/* End PBXSourcesBuildPhase section */

/* Begin XCBuildConfiguration section */
		8F2E59BB2C00000100A10001 /* Debug */ = {
			isa = XCBuildConfiguration;
			buildSettings = {
				ASSETCATALOG_COMPILER_APPICON_NAME = "";
				CLANG_ENABLE_MODULES = YES;
				CODE_SIGN_STYLE = Automatic;
				CURRENT_PROJECT_VERSION = 1;
				DEVELOPMENT_TEAM = "";
				ENABLE_PREVIEWS = YES;
				GENERATE_INFOPLIST_FILE = YES;
				INFOPLIST_KEY_CFBundleDisplayName = Piko;
				INFOPLIST_KEY_LSApplicationCategoryType = "public.app-category.productivity";
				INFOPLIST_KEY_UIApplicationSceneManifest_Generation = YES;
				INFOPLIST_KEY_UIApplicationSupportsIndirectInputEvents = YES;
				INFOPLIST_KEY_UILaunchScreen_Generation = YES;
				INFOPLIST_KEY_UIStatusBarHidden = NO;
				INFOPLIST_KEY_UISupportedInterfaceOrientations_iPad = "UIInterfaceOrientationPortrait UIInterfaceOrientationPortraitUpsideDown UIInterfaceOrientationLandscapeLeft UIInterfaceOrientationLandscapeRight";
				INFOPLIST_KEY_UISupportedInterfaceOrientations_iPhone = "UIInterfaceOrientationPortrait UIInterfaceOrientationLandscapeLeft UIInterfaceOrientationLandscapeRight";
				INFOPLIST_KEY_UIViewControllerBasedStatusBarAppearance = YES;
				INFOPLIST_FILE = Info.plist;
				IPHONEOS_DEPLOYMENT_TARGET = 16.0;
				LD_RUNPATH_SEARCH_PATHS = (
					"$(inherited)",
					"@executable_path/Frameworks",
				);
				MARKETING_VERSION = 1.0.0;
				PIKO_API_BASE_URL = "https://piko-api.juren233.top";
				PRODUCT_BUNDLE_IDENTIFIER = com.juren233.piko;
				PRODUCT_NAME = "$(TARGET_NAME)";
				SUPPORTED_PLATFORMS = "iphoneos iphonesimulator";
				SUPPORTS_MACCATALYST = NO;
				SUPPORTS_MAC_DESIGNED_FOR_IPHONE_IPAD = NO;
				SWIFT_EMIT_LOC_STRINGS = YES;
				SWIFT_VERSION = 5.0;
				TARGETED_DEVICE_FAMILY = "1";
			};
			name = Debug;
		};
		8F2E59BC2C00000100A10001 /* Release */ = {
			isa = XCBuildConfiguration;
			buildSettings = {
				ASSETCATALOG_COMPILER_APPICON_NAME = "";
				CLANG_ENABLE_MODULES = YES;
				CODE_SIGN_STYLE = Automatic;
				CURRENT_PROJECT_VERSION = 1;
				DEVELOPMENT_TEAM = "";
				GENERATE_INFOPLIST_FILE = YES;
				INFOPLIST_KEY_CFBundleDisplayName = Piko;
				INFOPLIST_KEY_LSApplicationCategoryType = "public.app-category.productivity";
				INFOPLIST_KEY_UIApplicationSceneManifest_Generation = YES;
				INFOPLIST_KEY_UIApplicationSupportsIndirectInputEvents = YES;
				INFOPLIST_KEY_UILaunchScreen_Generation = YES;
				INFOPLIST_KEY_UIStatusBarHidden = NO;
				INFOPLIST_KEY_UISupportedInterfaceOrientations_iPad = "UIInterfaceOrientationPortrait UIInterfaceOrientationPortraitUpsideDown UIInterfaceOrientationLandscapeLeft UIInterfaceOrientationLandscapeRight";
				INFOPLIST_KEY_UISupportedInterfaceOrientations_iPhone = "UIInterfaceOrientationPortrait UIInterfaceOrientationLandscapeLeft UIInterfaceOrientationLandscapeRight";
				INFOPLIST_KEY_UIViewControllerBasedStatusBarAppearance = YES;
				INFOPLIST_FILE = Info.plist;
				IPHONEOS_DEPLOYMENT_TARGET = 16.0;
				LD_RUNPATH_SEARCH_PATHS = (
					"$(inherited)",
					"@executable_path/Frameworks",
				);
				MARKETING_VERSION = 1.0.0;
				PIKO_API_BASE_URL = "https://piko-api.juren233.top";
				PRODUCT_BUNDLE_IDENTIFIER = com.juren233.piko;
				PRODUCT_NAME = "$(TARGET_NAME)";
				SUPPORTED_PLATFORMS = "iphoneos iphonesimulator";
				SUPPORTS_MACCATALYST = NO;
				SUPPORTS_MAC_DESIGNED_FOR_IPHONE_IPAD = NO;
				SWIFT_EMIT_LOC_STRINGS = YES;
				SWIFT_VERSION = 5.0;
				TARGETED_DEVICE_FAMILY = "1";
				VALIDATE_PRODUCT = YES;
			};
			name = Release;
		};
		8F2E59BD2C00000100A10001 /* Debug */ = {
			isa = XCBuildConfiguration;
			buildSettings = {
				ALWAYS_SEARCH_USER_PATHS = NO;
				CLANG_ANALYZER_NONNULL = YES;
				CLANG_ANALYZER_NUMBER_OBJECT_CONVERSION = YES_AGGRESSIVE;
				CLANG_CXX_LANGUAGE_STANDARD = "gnu++20";
				CLANG_ENABLE_MODULES = YES;
				CLANG_ENABLE_OBJC_ARC = YES;
				CLANG_ENABLE_OBJC_WEAK = YES;
				CLANG_WARN_BLOCK_CAPTURE_AUTORELEASING = YES;
				CLANG_WARN_BOOL_CONVERSION = YES;
				CLANG_WARN_COMMA = YES;
				CLANG_WARN_CONSTANT_CONVERSION = YES;
				CLANG_WARN_DEPRECATED_OBJC_IMPLEMENTATIONS = YES;
				CLANG_WARN_DIRECT_OBJC_ISA_USAGE = YES_ERROR;
				CLANG_WARN_DOCUMENTATION_COMMENTS = YES;
				CLANG_WARN_EMPTY_BODY = YES;
				CLANG_WARN_ENUM_CONVERSION = YES;
				CLANG_WARN_INFINITE_RECURSION = YES;
				CLANG_WARN_INT_CONVERSION = YES;
				CLANG_WARN_NON_LITERAL_NULL_CONVERSION = YES;
				CLANG_WARN_OBJC_IMPLICIT_RETAIN_SELF = YES;
				CLANG_WARN_OBJC_LITERAL_CONVERSION = YES;
				CLANG_WARN_OBJC_ROOT_CLASS = YES_ERROR;
				CLANG_WARN_QUOTED_INCLUDE_IN_FRAMEWORK_HEADER = YES;
				CLANG_WARN_RANGE_LOOP_ANALYSIS = YES;
				CLANG_WARN_STRICT_PROTOTYPES = YES;
				CLANG_WARN_SUSPICIOUS_MOVE = YES;
				CLANG_WARN_UNGUARDED_AVAILABILITY = YES_AGGRESSIVE;
				CLANG_WARN_UNREACHABLE_CODE = YES;
				CLANG_WARN__DUPLICATE_METHOD_MATCH = YES;
				COPY_PHASE_STRIP = NO;
				DEBUG_INFORMATION_FORMAT = dwarf;
				ENABLE_STRICT_OBJC_MSGSEND = YES;
				ENABLE_TESTABILITY = YES;
				ENABLE_USER_SCRIPT_SANDBOXING = NO;
				GCC_C_LANGUAGE_STANDARD = gnu17;
				GCC_DYNAMIC_NO_PIC = NO;
				GCC_NO_COMMON_BLOCKS = YES;
				GCC_OPTIMIZATION_LEVEL = 0;
				GCC_PREPROCESSOR_DEFINITIONS = (
					"DEBUG=1",
					"$(inherited)",
				);
				GCC_WARN_64_TO_32_BIT_CONVERSION = YES;
				GCC_WARN_ABOUT_RETURN_TYPE = YES_ERROR;
				GCC_WARN_UNDECLARED_SELECTOR = YES;
				GCC_WARN_UNINITIALIZED_AUTOS = YES_AGGRESSIVE;
				GCC_WARN_UNUSED_FUNCTION = YES;
				GCC_WARN_UNUSED_VARIABLE = YES;
				MTL_ENABLE_DEBUG_INFO = INCLUDE_SOURCE;
				MTL_FAST_MATH = YES;
				ONLY_ACTIVE_ARCH = YES;
				SDKROOT = iphoneos;
				SWIFT_ACTIVE_COMPILATION_CONDITIONS = "DEBUG $(inherited)";
				SWIFT_OPTIMIZATION_LEVEL = "-Onone";
			};
			name = Debug;
		};
		8F2E59BE2C00000100A10001 /* Release */ = {
			isa = XCBuildConfiguration;
			buildSettings = {
				ALWAYS_SEARCH_USER_PATHS = NO;
				CLANG_ANALYZER_NONNULL = YES;
				CLANG_ANALYZER_NUMBER_OBJECT_CONVERSION = YES_AGGRESSIVE;
				CLANG_CXX_LANGUAGE_STANDARD = "gnu++20";
				CLANG_ENABLE_MODULES = YES;
				CLANG_ENABLE_OBJC_ARC = YES;
				CLANG_ENABLE_OBJC_WEAK = YES;
				CLANG_WARN_BLOCK_CAPTURE_AUTORELEASING = YES;
				CLANG_WARN_BOOL_CONVERSION = YES;
				CLANG_WARN_COMMA = YES;
				CLANG_WARN_CONSTANT_CONVERSION = YES;
				CLANG_WARN_DEPRECATED_OBJC_IMPLEMENTATIONS = YES;
				CLANG_WARN_DIRECT_OBJC_ISA_USAGE = YES_ERROR;
				CLANG_WARN_DOCUMENTATION_COMMENTS = YES;
				CLANG_WARN_EMPTY_BODY = YES;
				CLANG_WARN_ENUM_CONVERSION = YES;
				CLANG_WARN_INFINITE_RECURSION = YES;
				CLANG_WARN_INT_CONVERSION = YES;
				CLANG_WARN_NON_LITERAL_NULL_CONVERSION = YES;
				CLANG_WARN_OBJC_IMPLICIT_RETAIN_SELF = YES;
				CLANG_WARN_OBJC_LITERAL_CONVERSION = YES;
				CLANG_WARN_OBJC_ROOT_CLASS = YES_ERROR;
				CLANG_WARN_QUOTED_INCLUDE_IN_FRAMEWORK_HEADER = YES;
				CLANG_WARN_RANGE_LOOP_ANALYSIS = YES;
				CLANG_WARN_STRICT_PROTOTYPES = YES;
				CLANG_WARN_SUSPICIOUS_MOVE = YES;
				CLANG_WARN_UNGUARDED_AVAILABILITY = YES_AGGRESSIVE;
				CLANG_WARN_UNREACHABLE_CODE = YES;
				CLANG_WARN__DUPLICATE_METHOD_MATCH = YES;
				COPY_PHASE_STRIP = YES;
				DEBUG_INFORMATION_FORMAT = dwarf;
				DEPLOYMENT_POSTPROCESSING = YES;
				ENABLE_NS_ASSERTIONS = NO;
				ENABLE_STRICT_OBJC_MSGSEND = YES;
				ENABLE_USER_SCRIPT_SANDBOXING = NO;
				GCC_GENERATE_DEBUGGING_SYMBOLS = NO;
				GCC_C_LANGUAGE_STANDARD = gnu17;
				GCC_NO_COMMON_BLOCKS = YES;
				GCC_WARN_64_TO_32_BIT_CONVERSION = YES;
				GCC_WARN_ABOUT_RETURN_TYPE = YES_ERROR;
				GCC_WARN_UNDECLARED_SELECTOR = YES;
				GCC_WARN_UNINITIALIZED_AUTOS = YES_AGGRESSIVE;
				GCC_WARN_UNUSED_FUNCTION = YES;
				GCC_WARN_UNUSED_VARIABLE = YES;
				MTL_ENABLE_DEBUG_INFO = NO;
				MTL_FAST_MATH = YES;
				SDKROOT = iphoneos;
				SWIFT_COMPILATION_MODE = wholemodule;
				VALIDATE_PRODUCT = YES;
			};
			name = Release;
		};
/* End XCBuildConfiguration section */

/* Begin XCConfigurationList section */
		8F2E59A32C00000100A10001 /* Build configuration list for PBXProject "Piko" */ = {
			isa = XCConfigurationList;
			buildConfigurations = (
				8F2E59BD2C00000100A10001 /* Debug */,
				8F2E59BE2C00000100A10001 /* Release */,
			);
			defaultConfigurationIsVisible = 0;
			defaultConfigurationName = Release;
		};
		8F2E59BA2C00000100A10001 /* Build configuration list for PBXNativeTarget "Piko" */ = {
			isa = XCConfigurationList;
			buildConfigurations = (
				8F2E59BB2C00000100A10001 /* Debug */,
				8F2E59BC2C00000100A10001 /* Release */,
			);
			defaultConfigurationIsVisible = 0;
			defaultConfigurationName = Release;
		};
/* End XCConfigurationList section */
	};
	rootObject = 8F2E59A02C00000100A10001 /* Project object */;
}
